
Microsoft Visual Studio Solution File, Format Version 12.00
Project("{FAE04EC0-301F-11D3-BF4B-00C04F79EFBC}") = "GDA-CoinBot", "GDA-CoinBot\GDA-CoinBot.csproj", "{D2032DCD-867E-43E1-82F8-E52F19935039}"
EndProject
Global
	GlobalSection(SolutionConfigurationPlatforms) = preSolution
		Debug|Any CPU = Debug|Any CPU
		Release|Any CPU = Release|Any CPU
	EndGlobalSection
	GlobalSection(ProjectConfigurationPlatforms) = postSolution
		{D2032DCD-867E-43E1-82F8-E52F19935039}.Debug|Any CPU.ActiveCfg = Debug|Any CPU
		{D2032DCD-867E-43E1-82F8-E52F19935039}.Debug|Any CPU.Build.0 = Debug|Any CPU
		{D2032DCD-867E-43E1-82F8-E52F19935039}.Release|Any CPU.ActiveCfg = Release|Any CPU
		{D2032DCD-867E-43E1-82F8-E52F19935039}.Release|Any CPU.Build.0 = Release|Any CPU
	EndGlobalSection
EndGlobal
